
Microsoft Visual Studio Solution File, Format Version 12.00
# Visual Studio Version 16
VisualStudioVersion = 16.0.31729.503
MinimumVisualStudioVersion = 10.0.40219.1
Project("{FAE04EC0-301F-11D3-BF4B-00C04F79EFBC}") = "DAPTUGWEB", "DAPTUGWEB\DAPTUGWEB.csproj", "{BF0D3FC9-0466-4293-98E4-7F30896C94AB}"
EndProject
Global
	GlobalSection(SolutionConfigurationPlatforms) = preSolution
		Debug|Any CPU = Debug|Any CPU
		Release|Any CPU = Release|Any CPU
	EndGlobalSection
	GlobalSection(ProjectConfigurationPlatforms) = postSolution
		{BF0D3FC9-0466-4293-98E4-7F30896C94AB}.Debug|Any CPU.ActiveCfg = Debug|Any CPU
		{BF0D3FC9-0466-4293-98E4-7F30896C94AB}.Debug|Any CPU.Build.0 = Debug|Any CPU
		{BF0D3FC9-0466-4293-98E4-7F30896C94AB}.Release|Any CPU.ActiveCfg = Release|Any CPU
		{BF0D3FC9-0466-4293-98E4-7F30896C94AB}.Release|Any CPU.Build.0 = Release|Any CPU
	EndGlobalSection
	GlobalSection(SolutionProperties) = preSolution
		HideSolutionNode = FALSE
	EndGlobalSection
	GlobalSection(ExtensibilityGlobals) = postSolution
		SolutionGuid = {E00D894A-51DC-4578-86C7-1377C9C84BEC}
	EndGlobalSection
EndGlobal
